PODS:
  - Alamofire (4.0.1)
  - Gloss (1.1.0)
  - SwiftEventBus (2.2.0)
  - SwiftWebSocket (2.6.5)

DEPENDENCIES:
  - Alamofire (~> 4.0)
  - Gloss (~> 1.1)
  - SwiftEventBus (from `https://github.com/cesarferreira/SwiftEventBus.git`, tag `2.2.0`)
  - SwiftWebSocket

EXTERNAL SOURCES:
  SwiftEventBus:
    :git: https://github.com/cesarferreira/SwiftEventBus.git
    :tag: 2.2.0

CHECKOUT OPTIONS:
  SwiftEventBus:
    :git: https://github.com/cesarferreira/SwiftEventBus.git
    :tag: 2.2.0

SPEC CHECKSUMS:
  Alamofire: 7682d43245de14874acd142ec137b144aa1dd335
  Gloss: a8340c124ff69c5d1c12e06c252373f4a16d2958
  SwiftEventBus: 39cde57d1881f9d6e8afb1f9e41f973e331bf847
  SwiftWebSocket: 1ef8a0efb023544643bdf480c1ec4a62b204f293

PODFILE CHECKSUM: 578374d004d1d033639f70130d5e1c68b96d775d

COCOAPODS: 1.1.1
